// !$*UTF8*$!
{
	archiveVersion = 1;
	classes = {
	};
	objectVersion = 55;
	objects = {

/* Begin PBXBuildFile section */
		29374277272DB213004CF74D /* Kingfisher in Frameworks */ = {isa = PBXBuildFile; productRef = 29374276272DB213004CF74D /* Kingfisher */; };
		2937427E272DB737004CF74D /* CircleImageView.swift in Sources */ = {isa = PBXBuildFile; fileRef = 2937427D272DB737004CF74D /* CircleImageView.swift */; };
		29374280272DBDE1004CF74D /* swiftui_kf.swift in Sources */ = {isa = PBXBuildFile; fileRef = 2937427F272DBDE1004CF74D /* swiftui_kf.swift */; };
		29374283272DC388004CF74D /* SampleListView.swift in Sources */ = {isa = PBXBuildFile; fileRef = 29374282272DC388004CF74D /* SampleListView.swift */; };
		29E7D6DA272C9940000663F0 /* ContentView.swift in Sources */ = {isa = PBXBuildFile; fileRef = 29E7D6D9272C9940000663F0 /* ContentView.swift */; };
		29E7D6DC272C9943000663F0 /* Assets.xcassets in Resources */ = {isa = PBXBuildFile; fileRef = 29E7D6DB272C9943000663F0 /* Assets.xcassets */; };
		29E7D6DF272C9943000663F0 /* Preview Assets.xcassets in Resources */ = {isa = PBXBuildFile; fileRef = 29E7D6DE272C9943000663F0 /* Preview Assets.xcassets */; };
/* End PBXBuildFile section */

/* Begin PBXFileReference section */
		2937427D272DB737004CF74D /* CircleImageView.swift */ = {isa = PBXFileReference; lastKnownFileType = sourcecode.swift; path = CircleImageView.swift; sourceTree = "<group>"; };
		2937427F272DBDE1004CF74D /* swiftui_kf.swift */ = {isa = PBXFileReference; lastKnownFileType = sourcecode.swift; path = swiftui_kf.swift; sourceTree = "<group>"; };
		29374282272DC388004CF74D /* SampleListView.swift */ = {isa = PBXFileReference; lastKnownFileType = sourcecode.swift; path = SampleListView.swift; sourceTree = "<group>"; };
		29E7D6D4272C9940000663F0 /* swiftui_kf.app */ = {isa = PBXFileReference; explicitFileType = wrapper.application; includeInIndex = 0; path = swiftui_kf.app; sourceTree = BUILT_PRODUCTS_DIR; };
		29E7D6D9272C9940000663F0 /* ContentView.swift */ = {isa = PBXFileReference; lastKnownFileType = sourcecode.swift; path = ContentView.swift; sourceTree = "<group>"; };
		29E7D6DB272C9943000663F0 /* Assets.xcassets */ = {isa = PBXFileReference; lastKnownFileType = folder.assetcatalog; path = Assets.xcassets; sourceTree = "<group>"; };
		29E7D6DE272C9943000663F0 /* Preview Assets.xcassets */ = {isa = PBXFileReference; lastKnownFileType = folder.assetcatalog; path = "Preview Assets.xcassets"; sourceTree = "<group>"; };
/* End PBXFileReference section */

/* Begin PBXFrameworksBuildPhase section */
		29E7D6D1272C9940000663F0 /* Frameworks */ = {
			isa = PBXFrameworksBuildPhase;
			buildActionMask = 2147483647;
			files = (
				29374277272DB213004CF74D /* Kingfisher in Frameworks */,
			);
			runOnlyForDeploymentPostprocessing = 0;
		};
/* End PBXFrameworksBuildPhase section */

/* Begin PBXGroup section */
		29374278272DB6D2004CF74D /* View */ = {
			isa = PBXGroup;
			children = (
				29374279272DB6E3004CF74D /* Circle */,
			);
			path = View;
			sourceTree = "<group>";
		};
		29374279272DB6E3004CF74D /* Circle */ = {
			isa = PBXGroup;
			children = (
				2937427D272DB737004CF74D /* CircleImageView.swift */,
			);
			path = Circle;
			sourceTree = "<group>";
		};
		29374281272DC362004CF74D /* Features */ = {
			isa = PBXGroup;
			children = (
				29374282272DC388004CF74D /* SampleListView.swift */,
			);
			path = Features;
			sourceTree = "<group>";
		};
		29E7D6CB272C9940000663F0 = {
			isa = PBXGroup;
			children = (
				29E7D6D6272C9940000663F0 /* swiftui_kf */,
				29E7D6D5272C9940000663F0 /* Products */,
			);
			sourceTree = "<group>";
		};
		29E7D6D5272C9940000663F0 /* Products */ = {
			isa = PBXGroup;
			children = (
				29E7D6D4272C9940000663F0 /* swiftui_kf.app */,
			);
			name = Products;
			sourceTree = "<group>";
		};
		29E7D6D6272C9940000663F0 /* swiftui_kf */ = {
			isa = PBXGroup;
			children = (
				29374281272DC362004CF74D /* Features */,
				29374278272DB6D2004CF74D /* View */,
				29E7D6D9272C9940000663F0 /* ContentView.swift */,
				2937427F272DBDE1004CF74D /* swiftui_kf.swift */,
				29E7D6DB272C9943000663F0 /* Assets.xcassets */,
				29E7D6DD272C9943000663F0 /* Preview Content */,
			);
			path = swiftui_kf;
			sourceTree = "<group>";
		};
		29E7D6DD272C9943000663F0 /* Preview Content */ = {
			isa = PBXGroup;
			children = (
				29E7D6DE272C9943000663F0 /* Preview Assets.xcassets */,
			);
			path = "Preview Content";
			sourceTree = "<group>";
		};
/* End PBXGroup section */

/* Begin PBXNativeTarget section */
		29E7D6D3272C9940000663F0 /* swiftui_kf */ = {
			isa = PBXNativeTarget;
			buildConfigurationList = 29E7D6F8272C9943000663F0 /* Build configuration list for PBXNativeTarget "swiftui_kf" */;
			buildPhases = (
				29E7D6D0272C9940000663F0 /* Sources */,
				29E7D6D1272C9940000663F0 /* Frameworks */,
				29E7D6D2272C9940000663F0 /* Resources */,
			);
			buildRules = (
			);
			dependencies = (
			);
			name = swiftui_kf;
			packageProductDependencies = (
				29374276272DB213004CF74D /* Kingfisher */,
			);
			productName = swiftUI_s0e1;
			productReference = 29E7D6D4272C9940000663F0 /* swiftui_kf.app */;
			productType = "com.apple.product-type.application";
		};
/* End PBXNativeTarget section */

/* Begin PBXProject section */
		29E7D6CC272C9940000663F0 /* Project object */ = {
			isa = PBXProject;
			attributes = {
				BuildIndependentTargetsInParallel = 1;
				LastSwiftUpdateCheck = 1310;
				LastUpgradeCheck = 1310;
				TargetAttributes = {
					29E7D6D3272C9940000663F0 = {
						CreatedOnToolsVersion = 13.1;
					};
				};
			};
			buildConfigurationList = 29E7D6CF272C9940000663F0 /* Build configuration list for PBXProject "swiftui_kf" */;
			compatibilityVersion = "Xcode 13.0";
			developmentRegion = en;
			hasScannedForEncodings = 0;
			knownRegions = (
				en,
				Base,
			);
			mainGroup = 29E7D6CB272C9940000663F0;
			packageReferences = (
				29374275272DB213004CF74D /* XCRemoteSwiftPackageReference "Kingfisher" */,
			);
			productRefGroup = 29E7D6D5272C9940000663F0 /* Products */;
			projectDirPath = "";
			projectRoot = "";
			targets = (
				29E7D6D3272C9940000663F0 /* swiftui_kf */,
			);
		};
/* End PBXProject section */

/* Begin PBXResourcesBuildPhase section */
		29E7D6D2272C9940000663F0 /* Resources */ = {
			isa = PBXResourcesBuildPhase;
			buildActionMask = 2147483647;
			files = (
				29E7D6DF272C9943000663F0 /* Preview Assets.xcassets in Resources */,
				29E7D6DC272C9943000663F0 /* Assets.xcassets in Resources */,
			);
			runOnlyForDeploymentPostprocessing = 0;
		};
/* End PBXResourcesBuildPhase section */

/* Begin PBXSourcesBuildPhase section */
		29E7D6D0272C9940000663F0 /* Sources */ = {
			isa = PBXSourcesBuildPhase;
			buildActionMask = 2147483647;
			files = (
				29374283272DC388004CF74D /* SampleListView.swift in Sources */,
				29E7D6DA272C9940000663F0 /* ContentView.swift in Sources */,
				2937427E272DB737004CF74D /* CircleImageView.swift in Sources */,
				29374280272DBDE1004CF74D /* swiftui_kf.swift in Sources */,
			);
			runOnlyForDeploymentPostprocessing = 0;
		};
/* End PBXSourcesBuildPhase section */

/* Begin XCBuildConfiguration section */
		29E7D6F6272C9943000663F0 /* Debug */ = {
			isa = XCBuildConfiguration;
			buildSettings = {
				ALWAYS_SEARCH_USER_PATHS = NO;
				CLANG_ANALYZER_NONNULL = YES;
				CLANG_ANALYZER_NUMBER_OBJECT_CONVERSION = YES_AGGRESSIVE;
				CLANG_CXX_LANGUAGE_STANDARD = "gnu++17";
				CLANG_CXX_LIBRARY = "libc++";
				CLANG_ENABLE_MODULES = YES;
				CLANG_ENABLE_OBJC_ARC = YES;
				CLANG_ENABLE_OBJC_WEAK = YES;
				CLANG_WARN_BLOCK_CAPTURE_AUTORELEASING = YES;
				CLANG_WARN_BOOL_CONVERSION = YES;
				CLANG_WARN_COMMA = YES;
				CLANG_WARN_CONSTANT_CONVERSION = YES;
				CLANG_WARN_DEPRECATED_OBJC_IMPLEMENTATIONS = YES;
				CLANG_WARN_DIRECT_OBJC_ISA_USAGE = YES_ERROR;
				CLANG_WARN_DOCUMENTATION_COMMENTS = YES;
				CLANG_WARN_EMPTY_BODY = YES;
				CLANG_WARN_ENUM_CONVERSION = YES;
				CLANG_WARN_INFINITE_RECURSION = YES;
				CLANG_WARN_INT_CONVERSION = YES;
				CLANG_WARN_NON_LITERAL_NULL_CONVERSION = YES;
				CLANG_WARN_OBJC_IMPLICIT_RETAIN_SELF = YES;
				CLANG_WARN_OBJC_LITERAL_CONVERSION = YES;
				CLANG_WARN_OBJC_ROOT_CLASS = YES_ERROR;
				CLANG_WARN_QUOTED_INCLUDE_IN_FRAMEWORK_HEADER = YES;
				CLANG_WARN_RANGE_LOOP_ANALYSIS = YES;
				CLANG_WARN_STRICT_PROTOTYPES = YES;
				CLANG_WARN_SUSPICIOUS_MOVE = YES;
				CLANG_WARN_UNGUARDED_AVAILABILITY = YES_AGGRESSIVE;
				CLANG_WARN_UNREACHABLE_CODE = YES;
				CLANG_WARN__DUPLICATE_METHOD_MATCH = YES;
				COPY_PHASE_STRIP = NO;
				DEBUG_INFORMATION_FORMAT = dwarf;
				ENABLE_STRICT_OBJC_MSGSEND = YES;
				ENABLE_TESTABILITY = YES;
				GCC_C_LANGUAGE_STANDARD = gnu11;
				GCC_DYNAMIC_NO_PIC = NO;
				GCC_NO_COMMON_BLOCKS = YES;
				GCC_OPTIMIZATION_LEVEL = 0;
				GCC_PREPROCESSOR_DEFINITIONS = (
					"DEBUG=1",
					"$(inherited)",
				);
				GCC_WARN_64_TO_32_BIT_CONVERSION = YES;
				GCC_WARN_ABOUT_RETURN_TYPE = YES_ERROR;
				GCC_WARN_UNDECLARED_SELECTOR = YES;
				GCC_WARN_UNINITIALIZED_AUTOS = YES_AGGRESSIVE;
				GCC_WARN_UNUSED_FUNCTION = YES;
				GCC_WARN_UNUSED_VARIABLE = YES;
				IPHONEOS_DEPLOYMENT_TARGET = 15.0;
				MTL_ENABLE_DEBUG_INFO = INCLUDE_SOURCE;
				MTL_FAST_MATH = YES;
				ONLY_ACTIVE_ARCH = YES;
				SDKROOT = iphoneos;
				SWIFT_ACTIVE_COMPILATION_CONDITIONS = DEBUG;
				SWIFT_OPTIMIZATION_LEVEL = "-Onone";
			};
			name = Debug;
		};
		29E7D6F7272C9943000663F0 /* Release */ = {
			isa = XCBuildConfiguration;
			buildSettings = {
				ALWAYS_SEARCH_USER_PATHS = NO;
				CLANG_ANALYZER_NONNULL = YES;
				CLANG_ANALYZER_NUMBER_OBJECT_CONVERSION = YES_AGGRESSIVE;
				CLANG_CXX_LANGUAGE_STANDARD = "gnu++17";
				CLANG_CXX_LIBRARY = "libc++";
				CLANG_ENABLE_MODULES = YES;
				CLANG_ENABLE_OBJC_ARC = YES;
				CLANG_ENABLE_OBJC_WEAK = YES;
				CLANG_WARN_BLOCK_CAPTURE_AUTORELEASING = YES;
				CLANG_WARN_BOOL_CONVERSION = YES;
				CLANG_WARN_COMMA = YES;
				CLANG_WARN_CONSTANT_CONVERSION = YES;
				CLANG_WARN_DEPRECATED_OBJC_IMPLEMENTATIONS = YES;
				CLANG_WARN_DIRECT_OBJC_ISA_USAGE = YES_ERROR;
				CLANG_WARN_DOCUMENTATION_COMMENTS = YES;
				CLANG_WARN_EMPTY_BODY = YES;
				CLANG_WARN_ENUM_CONVERSION = YES;
				CLANG_WARN_INFINITE_RECURSION = YES;
				CLANG_WARN_INT_CONVERSION = YES;
				CLANG_WARN_NON_LITERAL_NULL_CONVERSION = YES;
				CLANG_WARN_OBJC_IMPLICIT_RETAIN_SELF = YES;
				CLANG_WARN_OBJC_LITERAL_CONVERSION = YES;
				CLANG_WARN_OBJC_ROOT_CLASS = YES_ERROR;
				CLANG_WARN_QUOTED_INCLUDE_IN_FRAMEWORK_HEADER = YES;
				CLANG_WARN_RANGE_LOOP_ANALYSIS = YES;
				CLANG_WARN_STRICT_PROTOTYPES = YES;
				CLANG_WARN_SUSPICIOUS_MOVE = YES;
				CLANG_WARN_UNGUARDED_AVAILABILITY = YES_AGGRESSIVE;
				CLANG_WARN_UNREACHABLE_CODE = YES;
				CLANG_WARN__DUPLICATE_METHOD_MATCH = YES;
				COPY_PHASE_STRIP = NO;
				DEBUG_INFORMATION_FORMAT = "dwarf-with-dsym";
				ENABLE_NS_ASSERTIONS = NO;
				ENABLE_STRICT_OBJC_MSGSEND = YES;
				GCC_C_LANGUAGE_STANDARD = gnu11;
				GCC_NO_COMMON_BLOCKS = YES;
				GCC_WARN_64_TO_32_BIT_CONVERSION = YES;
				GCC_WARN_ABOUT_RETURN_TYPE = YES_ERROR;
				GCC_WARN_UNDECLARED_SELECTOR = YES;
				GCC_WARN_UNINITIALIZED_AUTOS = YES_AGGRESSIVE;
				GCC_WARN_UNUSED_FUNCTION = YES;
				GCC_WARN_UNUSED_VARIABLE = YES;
				IPHONEOS_DEPLOYMENT_TARGET = 15.0;
				MTL_ENABLE_DEBUG_INFO = NO;
				MTL_FAST_MATH = YES;
				SDKROOT = iphoneos;
				SWIFT_COMPILATION_MODE = wholemodule;
				SWIFT_OPTIMIZATION_LEVEL = "-O";
				VALIDATE_PRODUCT = YES;
			};
			name = Release;
		};
		29E7D6F9272C9943000663F0 /* Debug */ = {
			isa = XCBuildConfiguration;
			buildSettings = {
				ASSETCATALOG_COMPILER_APPICON_NAME = AppIcon;
				ASSETCATALOG_COMPILER_GLOBAL_ACCENT_COLOR_NAME = AccentColor;
				CODE_SIGN_STYLE = Automatic;
				CURRENT_PROJECT_VERSION = 1;
				DEVELOPMENT_ASSET_PATHS = "\"swiftui_kf/Preview Content\"";
				ENABLE_PREVIEWS = YES;
				GENERATE_INFOPLIST_FILE = YES;
				INFOPLIST_KEY_UIApplicationSceneManifest_Generation = YES;
				INFOPLIST_KEY_UIApplicationSupportsIndirectInputEvents = YES;
				INFOPLIST_KEY_UILaunchScreen_Generation = YES;
				INFOPLIST_KEY_UISupportedInterfaceOrientations_iPad = "UIInterfaceOrientationPortrait UIInterfaceOrientationPortraitUpsideDown UIInterfaceOrientationLandscapeLeft UIInterfaceOrientationLandscapeRight";
				INFOPLIST_KEY_UISupportedInterfaceOrientations_iPhone = "UIInterfaceOrientationPortrait UIInterfaceOrientationLandscapeLeft UIInterfaceOrientationLandscapeRight";
				LD_RUNPATH_SEARCH_PATHS = (
					"$(inherited)",
					"@executable_path/Frameworks",
				);
				MARKETING_VERSION = 1.0;
				PRODUCT_BUNDLE_IDENTIFIER = test.swiftui_kf;
				PRODUCT_NAME = "$(TARGET_NAME)";
				SWIFT_EMIT_LOC_STRINGS = YES;
				SWIFT_VERSION = 5.0;
				TARGETED_DEVICE_FAMILY = "1,2";
			};
			name = Debug;
		};
		29E7D6FA272C9943000663F0 /* Release */ = {
			isa = XCBuildConfiguration;
			buildSettings = {
				ASSETCATALOG_COMPILER_APPICON_NAME = AppIcon;
				ASSETCATALOG_COMPILER_GLOBAL_ACCENT_COLOR_NAME = AccentColor;
				CODE_SIGN_STYLE = Automatic;
				CURRENT_PROJECT_VERSION = 1;
				DEVELOPMENT_ASSET_PATHS = "\"swiftui_kf/Preview Content\"";
				ENABLE_PREVIEWS = YES;
				GENERATE_INFOPLIST_FILE = YES;
				INFOPLIST_KEY_UIApplicationSceneManifest_Generation = YES;
				INFOPLIST_KEY_UIApplicationSupportsIndirectInputEvents = YES;
				INFOPLIST_KEY_UILaunchScreen_Generation = YES;
				INFOPLIST_KEY_UISupportedInterfaceOrientations_iPad = "UIInterfaceOrientationPortrait UIInterfaceOrientationPortraitUpsideDown UIInterfaceOrientationLandscapeLeft UIInterfaceOrientationLandscapeRight";
				INFOPLIST_KEY_UISupportedInterfaceOrientations_iPhone = "UIInterfaceOrientationPortrait UIInterfaceOrientationLandscapeLeft UIInterfaceOrientationLandscapeRight";
				LD_RUNPATH_SEARCH_PATHS = (
					"$(inherited)",
					"@executable_path/Frameworks",
				);
				MARKETING_VERSION = 1.0;
				PRODUCT_BUNDLE_IDENTIFIER = test.swiftui_kf;
				PRODUCT_NAME = "$(TARGET_NAME)";
				SWIFT_EMIT_LOC_STRINGS = YES;
				SWIFT_VERSION = 5.0;
				TARGETED_DEVICE_FAMILY = "1,2";
			};
			name = Release;
		};
/* End XCBuildConfiguration section */

/* Begin XCConfigurationList section */
		29E7D6CF272C9940000663F0 /* Build configuration list for PBXProject "swiftui_kf" */ = {
			isa = XCConfigurationList;
			buildConfigurations = (
				29E7D6F6272C9943000663F0 /* Debug */,
				29E7D6F7272C9943000663F0 /* Release */,
			);
			defaultConfigurationIsVisible = 0;
			defaultConfigurationName = Release;
		};
		29E7D6F8272C9943000663F0 /* Build configuration list for PBXNativeTarget "swiftui_kf" */ = {
			isa = XCConfigurationList;
			buildConfigurations = (
				29E7D6F9272C9943000663F0 /* Debug */,
				29E7D6FA272C9943000663F0 /* Release */,
			);
			defaultConfigurationIsVisible = 0;
			defaultConfigurationName = Release;
		};
/* End XCConfigurationList section */

/* Begin XCRemoteSwiftPackageReference section */
		29374275272DB213004CF74D /* XCRemoteSwiftPackageReference "Kingfisher" */ = {
			isa = XCRemoteSwiftPackageReference;
			repositoryURL = "https://github.com/onevcat/Kingfisher.git";
			requirement = {
				kind = upToNextMajorVersion;
				minimumVersion = 7.0.0;
			};
		};
/* End XCRemoteSwiftPackageReference section */

/* Begin XCSwiftPackageProductDependency section */
		29374276272DB213004CF74D /* Kingfisher */ = {
			isa = XCSwiftPackageProductDependency;
			package = 29374275272DB213004CF74D /* XCRemoteSwiftPackageReference "Kingfisher" */;
			productName = Kingfisher;
		};
/* End XCSwiftPackageProductDependency section */
	};
	rootObject = 29E7D6CC272C9940000663F0 /* Project object */;
}
